
Microsoft Visual Studio Solution File, Format Version 12.00
# Visual Studio Version 16
VisualStudioVersion = 16.0.30523.141
MinimumVisualStudioVersion = 10.0.40219.1
Project("{FAE04EC0-301F-11D3-BF4B-00C04F79EFBC}") = "demo-app", "demo-app\demo-app.csproj", "{EB5AD2DA-4CF1-4A48-9243-896D7C533716}"
EndProject
Global
	GlobalSection(SolutionConfigurationPlatforms) = preSolution
		Debug|Any CPU = Debug|Any CPU
		Release|Any CPU = Release|Any CPU
	EndGlobalSection
	GlobalSection(ProjectConfigurationPlatforms) = postSolution
		{EB5AD2DA-4CF1-4A48-9243-896D7C533716}.Debug|Any CPU.ActiveCfg = Debug|Any CPU
		{EB5AD2DA-4CF1-4A48-9243-896D7C533716}.Debug|Any CPU.Build.0 = Debug|Any CPU
		{EB5AD2DA-4CF1-4A48-9243-896D7C533716}.Release|Any CPU.ActiveCfg = Release|Any CPU
		{EB5AD2DA-4CF1-4A48-9243-896D7C533716}.Release|Any CPU.Build.0 = Release|Any CPU
	EndGlobalSection
	GlobalSection(SolutionProperties) = preSolution
		HideSolutionNode = FALSE
	EndGlobalSection
	GlobalSection(ExtensibilityGlobals) = postSolution
		SolutionGuid = {4C542604-765C-4D80-B2BA-AB675BF6AD97}
	EndGlobalSection
EndGlobal
