
Microsoft Visual Studio Solution File, Format Version 12.00
# Visual Studio Version 16
VisualStudioVersion = 16.0.30523.141
MinimumVisualStudioVersion = 10.0.40219.1
Project("{FAE04EC0-301F-11D3-BF4B-00C04F79EFBC}") = "demo-api", "demo-api\demo-api.csproj", "{4C1675A6-B608-4A58-81C9-6C7C16BD7547}"
EndProject
Global
	GlobalSection(SolutionConfigurationPlatforms) = preSolution
		Debug|Any CPU = Debug|Any CPU
		Release|Any CPU = Release|Any CPU
	EndGlobalSection
	GlobalSection(ProjectConfigurationPlatforms) = postSolution
		{4C1675A6-B608-4A58-81C9-6C7C16BD7547}.Debug|Any CPU.ActiveCfg = Debug|Any CPU
		{4C1675A6-B608-4A58-81C9-6C7C16BD7547}.Debug|Any CPU.Build.0 = Debug|Any CPU
		{4C1675A6-B608-4A58-81C9-6C7C16BD7547}.Release|Any CPU.ActiveCfg = Release|Any CPU
		{4C1675A6-B608-4A58-81C9-6C7C16BD7547}.Release|Any CPU.Build.0 = Release|Any CPU
	EndGlobalSection
	GlobalSection(SolutionProperties) = preSolution
		HideSolutionNode = FALSE
	EndGlobalSection
	GlobalSection(ExtensibilityGlobals) = postSolution
		SolutionGuid = {4C542604-765C-4D80-B2BA-AB675BF6AD97}
	EndGlobalSection
EndGlobal
